
Microsoft Visual Studio Solution File, Format Version 12.00
# Visual Studio Version 17
VisualStudioVersion = 17.0.31903.59
MinimumVisualStudioVersion = 10.0.40219.1
Project("{FAE04EC0-301F-11D3-BF4B-00C04F79EFBC}") = "SerialHidWrapper.Core", "src\SerialHidWrapper.Core\SerialHidWrapper.Core.csproj", "{CC565090-A1A1-4B15-B1B4-E32EB00CA8A7}"
EndProject
Project("{FAE04EC0-301F-11D3-BF4B-00C04F79EFBC}") = "SerialHidWrapper", "src\SerialHidWrapper\SerialHidWrapper.csproj", "{3591E794-1ED4-4EE0-A35D-9867B7097A1B}"
EndProject
Project("{FAE04EC0-301F-11D3-BF4B-00C04F79EFBC}") = "SerialHidWrapper.Core.Tests", "tests\SerialHidWrapper.Core.Tests\SerialHidWrapper.Core.Tests.csproj", "{1C33173A-1E50-48DD-A1FC-CB99BB8A399E}"
EndProject
Global
	GlobalSection(SolutionConfigurationPlatforms) = preSolution
		Debug|Any CPU = Debug|Any CPU
		Release|Any CPU = Release|Any CPU
	EndGlobalSection
	GlobalSection(ProjectConfigurationPlatforms) = postSolution
		{CC565090-A1A1-4B15-B1B4-E32EB00CA8A7}.Debug|Any CPU.ActiveCfg = Debug|Any CPU
		{CC565090-A1A1-4B15-B1B4-E32EB00CA8A7}.Debug|Any CPU.Build.0 = Debug|Any CPU
		{CC565090-A1A1-4B15-B1B4-E32EB00CA8A7}.Release|Any CPU.ActiveCfg = Release|Any CPU
		{CC565090-A1A1-4B15-B1B4-E32EB00CA8A7}.Release|Any CPU.Build.0 = Release|Any CPU
		{3591E794-1ED4-4EE0-A35D-9867B7097A1B}.Debug|Any CPU.ActiveCfg = Debug|Any CPU
		{3591E794-1ED4-4EE0-A35D-9867B7097A1B}.Debug|Any CPU.Build.0 = Debug|Any CPU
		{3591E794-1ED4-4EE0-A35D-9867B7097A1B}.Release|Any CPU.ActiveCfg = Release|Any CPU
		{3591E794-1ED4-4EE0-A35D-9867B7097A1B}.Release|Any CPU.Build.0 = Release|Any CPU
		{1C33173A-1E50-48DD-A1FC-CB99BB8A399E}.Debug|Any CPU.ActiveCfg = Debug|Any CPU
		{1C33173A-1E50-48DD-A1FC-CB99BB8A399E}.Debug|Any CPU.Build.0 = Debug|Any CPU
		{1C33173A-1E50-48DD-A1FC-CB99BB8A399E}.Release|Any CPU.ActiveCfg = Release|Any CPU
		{1C33173A-1E50-48DD-A1FC-CB99BB8A399E}.Release|Any CPU.Build.0 = Release|Any CPU
	EndGlobalSection
EndGlobal

